<?xml version="1.0" encoding="utf-8"?>
<Project ToolsVersion="4.0" xmlns="http://schemas.microsoft.com/developer/msbuild/2003">
  <ItemGroup>
    <Filter Include="Source Files">
      <UniqueIdentifier>{4FC737F1-C7A5-4376-A066-2A32D752A2FF}</UniqueIdentifier>
      <Extensions>cpp;c;cc;cxx;def;odl;idl;hpj;bat;asm;asmx</Extensions>
    </Filter>
    <Filter Include="Header Files">
      <UniqueIdentifier>{93995380-89BD-4b04-88EB-625FBE52EBFB}</UniqueIdentifier>
      <Extensions>h;hh;hpp;hxx;hm;inl;inc;xsd</Extensions>
    </Filter>
    <Filter Include="Resource Files">
      <UniqueIdentifier>{67DA6AB6-F800-4c08-8B7A-83BB121AAD01}</UniqueIdentifier>
      <Extensions>rc;ico;cur;bmp;dlg;rc2;rct;bin;rgs;gif;jpg;jpeg;jpe;resx;tiff;tif;png;wav;mfcribbon-ms</Extensions>
    </Filter>
  </ItemGroup>
  <ItemGroup>
    <ClInclude Include="GameObject.h">
      <Filter>Header Files</Filter>
    </ClInclude>
    <ClInclude Include="Sedan.h">
      <Filter>Header Files</Filter>
    </ClInclude>
    <ClInclude Include="SideObject.h">
      <Filter>Header Files</Filter>
    </ClInclude>
    <ClInclude Include="FireHydrant.h">
      <Filter>Header Files</Filter>
    </ClInclude>
    <ClInclude Include="LetterBox.h">
      <Filter>Header Files</Filter>
    </ClInclude>
    <ClInclude Include="Van.h">
      <Filter>Header Files</Filter>
    </ClInclude>
    <ClInclude Include="PlayerVehicle.h">
      <Filter>Header Files</Filter>
    </ClInclude>
    <ClInclude Include="Player.h">
      <Filter>Header Files</Filter>
    </ClInclude>
    <ClInclude Include="GameManager.h">
      <Filter>Header Files</Filter>
    </ClInclude>
    <ClInclude Include="Scene.h">
      <Filter>Header Files</Filter>
    </ClInclude>
    <ClInclude Include="Vehicle.h">
      <Filter>Header Files</Filter>
    </ClInclude>
    <ClInclude Include="PlayerState.h">
      <Filter>Header Files</Filter>
    </ClInclude>
    <ClInclude Include="PlayerHealth.h">
      <Filter>Header Files</Filter>
    </ClInclude>
    <ClInclude Include="Powerup.h">
      <Filter>Header Files</Filter>
    </ClInclude>
    <ClInclude Include="HealthKit.h">
      <Filter>Header Files</Filter>
    </ClInclude>
    <ClInclude Include="NoPowerup.h">
      <Filter>Header Files</Filter>
    </ClInclude>
    <ClInclude Include="Armor.h">
      <Filter>Header Files</Filter>
    </ClInclude>
    <ClInclude Include="PowerupFactory.h">
      <Filter>Header Files</Filter>
    </ClInclude>
    <ClInclude Include="SideObjectFactory.h">
      <Filter>Header Files</Filter>
    </ClInclude>
  </ItemGroup>
  <ItemGroup>
    <ClCompile Include="GameObject.cpp">
      <Filter>Source Files</Filter>
    </ClCompile>
    <ClCompile Include="Sedan.cpp">
      <Filter>Source Files</Filter>
    </ClCompile>
    <ClCompile Include="SideObject.cpp">
      <Filter>Source Files</Filter>
    </ClCompile>
    <ClCompile Include="FireHydrant.cpp">
      <Filter>Source Files</Filter>
    </ClCompile>
    <ClCompile Include="LetterBox.cpp">
      <Filter>Source Files</Filter>
    </ClCompile>
    <ClCompile Include="Van.cpp">
      <Filter>Source Files</Filter>
    </ClCompile>
    <ClCompile Include="PlayerVehicle.cpp">
      <Filter>Source Files</Filter>
    </ClCompile>
    <ClCompile Include="Player.cpp">
      <Filter>Source Files</Filter>
    </ClCompile>
    <ClCompile Include="GameManager.cpp">
      <Filter>Source Files</Filter>
    </ClCompile>
    <ClCompile Include="Scene.cpp">
      <Filter>Source Files</Filter>
    </ClCompile>
    <ClCompile Include="main.cpp">
      <Filter>Source Files</Filter>
    </ClCompile>
    <ClCompile Include="Vehicle.cpp">
      <Filter>Source Files</Filter>
    </ClCompile>
    <ClCompile Include="PlayerHealth.cpp">
      <Filter>Source Files</Filter>
    </ClCompile>
    <ClCompile Include="Powerup.cpp">
      <Filter>Source Files</Filter>
    </ClCompile>
    <ClCompile Include="HealthKit.cpp">
      <Filter>Source Files</Filter>
    </ClCompile>
    <ClCompile Include="NoPowerup.cpp">
      <Filter>Source Files</Filter>
    </ClCompile>
    <ClCompile Include="Armor.cpp">
      <Filter>Source Files</Filter>
    </ClCompile>
    <ClCompile Include="PowerupFactory.cpp">
      <Filter>Source Files</Filter>
    </ClCompile>
    <ClCompile Include="SideObjectFactory.cpp">
      <Filter>Source Files</Filter>
    </ClCompile>
  </ItemGroup>
</Project>